<?xml version="1.0" encoding="utf-8"?>
<Project ToolsVersion="4.0" xmlns="http://schemas.microsoft.com/developer/msbuild/2003">
  <ItemGroup>
    <ClCompile Include="segy.cpp" />
    <ClCompile Include="segy_construct.cpp" />
    <ClCompile Include="segy_textheader.cpp" />
    <ClCompile Include="segy_traceheader.cpp" />
    <ClCompile Include="Bytes.Module\bytes.cpp" />
    <ClCompile Include="Bytes.Module\bytes_read.cpp" />
    <ClCompile Include="Bytes.Module\bytes_write.cpp" />
    <ClCompile Include="Utilities.Module\utilities.cpp" />
    <ClCompile Include="segy_tracedata.cpp" />
  </ItemGroup>
</Project>